
Microsoft Visual Studio Solution File, Format Version 12.00
# Visual Studio Version 16
VisualStudioVersion = 16.0.31702.278
MinimumVisualStudioVersion = 10.0.40219.1
Project("{FAE04EC0-301F-11D3-BF4B-00C04F79EFBC}") = "Aula137_ExFixacao", "Aula137_ExFixacao\Aula137_ExFixacao.csproj", "{9C88B92D-D5D1-4E1A-98E9-C67CE90C994D}"
EndProject
Global
	GlobalSection(SolutionConfigurationPlatforms) = preSolution
		Debug|Any CPU = Debug|Any CPU
		Release|Any CPU = Release|Any CPU
	EndGlobalSection
	GlobalSection(ProjectConfigurationPlatforms) = postSolution
		{9C88B92D-D5D1-4E1A-98E9-C67CE90C994D}.Debug|Any CPU.ActiveCfg = Debug|Any CPU
		{9C88B92D-D5D1-4E1A-98E9-C67CE90C994D}.Debug|Any CPU.Build.0 = Debug|Any CPU
		{9C88B92D-D5D1-4E1A-98E9-C67CE90C994D}.Release|Any CPU.ActiveCfg = Release|Any CPU
		{9C88B92D-D5D1-4E1A-98E9-C67CE90C994D}.Release|Any CPU.Build.0 = Release|Any CPU
	EndGlobalSection
	GlobalSection(SolutionProperties) = preSolution
		HideSolutionNode = FALSE
	EndGlobalSection
	GlobalSection(ExtensibilityGlobals) = postSolution
		SolutionGuid = {73E5122E-7B0A-4A01-B25D-FD8935AF1AFF}
	EndGlobalSection
EndGlobal
